
Microsoft Visual Studio Solution File, Format Version 12.00
# Visual Studio Version 16
VisualStudioVersion = 16.0.31313.79
MinimumVisualStudioVersion = 10.0.40219.1
Project("{FAE04EC0-301F-11D3-BF4B-00C04F79EFBC}") = "Components", "Components\Components.csproj", "{BB8B6D14-1908-4958-9ABE-721A04AAD2D2}"
EndProject
Project("{FAE04EC0-301F-11D3-BF4B-00C04F79EFBC}") = "GUI", "GUI\GUI.csproj", "{86EA7E01-C709-4874-B361-FF0941777627}"
EndProject
Global
	GlobalSection(SolutionConfigurationPlatforms) = preSolution
		Debug|Any CPU = Debug|Any CPU
		Release|Any CPU = Release|Any CPU
	EndGlobalSection
	GlobalSection(ProjectConfigurationPlatforms) = postSolution
		{BB8B6D14-1908-4958-9ABE-721A04AAD2D2}.Debug|Any CPU.ActiveCfg = Debug|Any CPU
		{BB8B6D14-1908-4958-9ABE-721A04AAD2D2}.Debug|Any CPU.Build.0 = Debug|Any CPU
		{BB8B6D14-1908-4958-9ABE-721A04AAD2D2}.Release|Any CPU.ActiveCfg = Release|Any CPU
		{BB8B6D14-1908-4958-9ABE-721A04AAD2D2}.Release|Any CPU.Build.0 = Release|Any CPU
		{86EA7E01-C709-4874-B361-FF0941777627}.Debug|Any CPU.ActiveCfg = Debug|Any CPU
		{86EA7E01-C709-4874-B361-FF0941777627}.Debug|Any CPU.Build.0 = Debug|Any CPU
		{86EA7E01-C709-4874-B361-FF0941777627}.Release|Any CPU.ActiveCfg = Release|Any CPU
		{86EA7E01-C709-4874-B361-FF0941777627}.Release|Any CPU.Build.0 = Release|Any CPU
	EndGlobalSection
	GlobalSection(SolutionProperties) = preSolution
		HideSolutionNode = FALSE
	EndGlobalSection
	GlobalSection(ExtensibilityGlobals) = postSolution
		SolutionGuid = {242ED81E-09F8-466B-99DC-ECC07D30E949}
	EndGlobalSection
EndGlobal
